// !$*UTF8*$!
{
	archiveVersion = 1;
	classes = {
	};
	objectVersion = 50;
	objects = {

/* Begin PBXBuildFile section */
		9D13C84C25BC34F400FDBB15 /* FirstApp.swift in Sources */ = {isa = PBXBuildFile; fileRef = 9D13C84B25BC34F400FDBB15 /* FirstApp.swift */; };
		9D13C84E25BC34F400FDBB15 /* ContentView.swift in Sources */ = {isa = PBXBuildFile; fileRef = 9D13C84D25BC34F400FDBB15 /* ContentView.swift */; };
		9D13C85025BC34F500FDBB15 /* Assets.xcassets in Resources */ = {isa = PBXBuildFile; fileRef = 9D13C84F25BC34F500FDBB15 /* Assets.xcassets */; };
		9D13C85325BC34F500FDBB15 /* Preview Assets.xcassets in Resources */ = {isa = PBXBuildFile; fileRef = 9D13C85225BC34F500FDBB15 /* Preview Assets.xcassets */; };
		9D13C85E25BC34F500FDBB15 /* firstTests.swift in Sources */ = {isa = PBXBuildFile; fileRef = 9D13C85D25BC34F500FDBB15 /* firstTests.swift */; };
		9D13C86925BC34F500FDBB15 /* firstUITests.swift in Sources */ = {isa = PBXBuildFile; fileRef = 9D13C86825BC34F500FDBB15 /* firstUITests.swift */; };
		9D13C8A025BC899900FDBB15 /* MapView.swift in Sources */ = {isa = PBXBuildFile; fileRef = 9D13C89F25BC899900FDBB15 /* MapView.swift */; };
		9D479D7525BDC8BD0097CABF /* landmarkData.json in Resources */ = {isa = PBXBuildFile; fileRef = 9D479D7425BDC8BD0097CABF /* landmarkData.json */; };
		9D479D8225BDC96E0097CABF /* Landmark.swift in Sources */ = {isa = PBXBuildFile; fileRef = 9D479D8125BDC96E0097CABF /* Landmark.swift */; };
		9D479D8725BDD4E10097CABF /* ModelData.swift in Sources */ = {isa = PBXBuildFile; fileRef = 9D479D8625BDD4E10097CABF /* ModelData.swift */; };
		9D479D9525BDD6E90097CABF /* LandmarkRow.swift in Sources */ = {isa = PBXBuildFile; fileRef = 9D479D9425BDD6E90097CABF /* LandmarkRow.swift */; };
		9D479D9A25C03ACA0097CABF /* LandmarkList.swift in Sources */ = {isa = PBXBuildFile; fileRef = 9D479D9925C03ACA0097CABF /* LandmarkList.swift */; };
		9D479D9F25C04A590097CABF /* LandmarkDetail.swift in Sources */ = {isa = PBXBuildFile; fileRef = 9D479D9E25C04A590097CABF /* LandmarkDetail.swift */; };
		9D4E18BD25C2DDC5009F7CAE /* FavoriteButton.swift in Sources */ = {isa = PBXBuildFile; fileRef = 9D4E18BC25C2DDC5009F7CAE /* FavoriteButton.swift */; };
		9D720FF125C642CE0066530A /* HexagonParameters.swift in Sources */ = {isa = PBXBuildFile; fileRef = 9D720FF025C642CE0066530A /* HexagonParameters.swift */; };
		9D720FF625C645530066530A /* BadgeBackground.swift in Sources */ = {isa = PBXBuildFile; fileRef = 9D720FF525C645530066530A /* BadgeBackground.swift */; };
		9D720FFB25C64B8F0066530A /* BadgeSymbol.swift in Sources */ = {isa = PBXBuildFile; fileRef = 9D720FFA25C64B8F0066530A /* BadgeSymbol.swift */; };
		9D72100025C64C2A0066530A /* RotatedBadgeSymbol.swift in Sources */ = {isa = PBXBuildFile; fileRef = 9D720FFF25C64C2A0066530A /* RotatedBadgeSymbol.swift */; };
		9D72100525C64C930066530A /* Badge.swift in Sources */ = {isa = PBXBuildFile; fileRef = 9D72100425C64C930066530A /* Badge.swift */; };
		9D72100E25C6519A0066530A /* hikeData.json in Resources */ = {isa = PBXBuildFile; fileRef = 9D72100D25C6519A0066530A /* hikeData.json */; };
		9D72101325C651D90066530A /* Hike.swift in Sources */ = {isa = PBXBuildFile; fileRef = 9D72101225C651D90066530A /* Hike.swift */; };
		9D72101C25C6CC170066530A /* GraphCapsule.swift in Sources */ = {isa = PBXBuildFile; fileRef = 9D72101825C6CC170066530A /* GraphCapsule.swift */; };
		9D72101D25C6CC170066530A /* HikeGraph.swift in Sources */ = {isa = PBXBuildFile; fileRef = 9D72101925C6CC170066530A /* HikeGraph.swift */; };
		9D72101E25C6CC170066530A /* HikeDetail.swift in Sources */ = {isa = PBXBuildFile; fileRef = 9D72101A25C6CC170066530A /* HikeDetail.swift */; };
		9D72101F25C6CC170066530A /* HikeView.swift in Sources */ = {isa = PBXBuildFile; fileRef = 9D72101B25C6CC170066530A /* HikeView.swift */; };
		9DA60D8925BDC5510032AE5A /* CircleImage.swift in Sources */ = {isa = PBXBuildFile; fileRef = 9DA60D8825BDC5510032AE5A /* CircleImage.swift */; };
		9DABA37125C831DA0052AFFC /* CategoryHome.swift in Sources */ = {isa = PBXBuildFile; fileRef = 9DABA37025C831DA0052AFFC /* CategoryHome.swift */; };
		9DABA37C25C83C360052AFFC /* CategoryRow.swift in Sources */ = {isa = PBXBuildFile; fileRef = 9DABA37B25C83C360052AFFC /* CategoryRow.swift */; };
		9DABA38125C84A110052AFFC /* CategoryItem.swift in Sources */ = {isa = PBXBuildFile; fileRef = 9DABA38025C84A110052AFFC /* CategoryItem.swift */; };
/* End PBXBuildFile section */

/* Begin PBXContainerItemProxy section */
		9D13C85A25BC34F500FDBB15 /* PBXContainerItemProxy */ = {
			isa = PBXContainerItemProxy;
			containerPortal = 9D13C84025BC34F400FDBB15 /* Project object */;
			proxyType = 1;
			remoteGlobalIDString = 9D13C84725BC34F400FDBB15;
			remoteInfo = first;
		};
		9D13C86525BC34F500FDBB15 /* PBXContainerItemProxy */ = {
			isa = PBXContainerItemProxy;
			containerPortal = 9D13C84025BC34F400FDBB15 /* Project object */;
			proxyType = 1;
			remoteGlobalIDString = 9D13C84725BC34F400FDBB15;
			remoteInfo = first;
		};
/* End PBXContainerItemProxy section */

/* Begin PBXFileReference section */
		9D13C84825BC34F400FDBB15 /* first.app */ = {isa = PBXFileReference; explicitFileType = wrapper.application; includeInIndex = 0; path = first.app; sourceTree = BUILT_PRODUCTS_DIR; };
		9D13C84B25BC34F400FDBB15 /* FirstApp.swift */ = {isa = PBXFileReference; lastKnownFileType = sourcecode.swift; path = FirstApp.swift; sourceTree = "<group>"; };
		9D13C84D25BC34F400FDBB15 /* ContentView.swift */ = {isa = PBXFileReference; lastKnownFileType = sourcecode.swift; path = ContentView.swift; sourceTree = "<group>"; };
		9D13C84F25BC34F500FDBB15 /* Assets.xcassets */ = {isa = PBXFileReference; lastKnownFileType = folder.assetcatalog; path = Assets.xcassets; sourceTree = "<group>"; };
		9D13C85225BC34F500FDBB15 /* Preview Assets.xcassets */ = {isa = PBXFileReference; lastKnownFileType = folder.assetcatalog; path = "Preview Assets.xcassets"; sourceTree = "<group>"; };
		9D13C85425BC34F500FDBB15 /* Info.plist */ = {isa = PBXFileReference; lastKnownFileType = text.plist.xml; path = Info.plist; sourceTree = "<group>"; };
		9D13C85925BC34F500FDBB15 /* firstTests.xctest */ = {isa = PBXFileReference; explicitFileType = wrapper.cfbundle; includeInIndex = 0; path = firstTests.xctest; sourceTree = BUILT_PRODUCTS_DIR; };
		9D13C85D25BC34F500FDBB15 /* firstTests.swift */ = {isa = PBXFileReference; lastKnownFileType = sourcecode.swift; path = firstTests.swift; sourceTree = "<group>"; };
		9D13C85F25BC34F500FDBB15 /* Info.plist */ = {isa = PBXFileReference; lastKnownFileType = text.plist.xml; path = Info.plist; sourceTree = "<group>"; };
		9D13C86425BC34F500FDBB15 /* firstUITests.xctest */ = {isa = PBXFileReference; explicitFileType = wrapper.cfbundle; includeInIndex = 0; path = firstUITests.xctest; sourceTree = BUILT_PRODUCTS_DIR; };
		9D13C86825BC34F500FDBB15 /* firstUITests.swift */ = {isa = PBXFileReference; lastKnownFileType = sourcecode.swift; path = firstUITests.swift; sourceTree = "<group>"; };
		9D13C86A25BC34F500FDBB15 /* Info.plist */ = {isa = PBXFileReference; lastKnownFileType = text.plist.xml; path = Info.plist; sourceTree = "<group>"; };
		9D13C89F25BC899900FDBB15 /* MapView.swift */ = {isa = PBXFileReference; lastKnownFileType = sourcecode.swift; path = MapView.swift; sourceTree = "<group>"; };
		9D479D7425BDC8BD0097CABF /* landmarkData.json */ = {isa = PBXFileReference; fileEncoding = 4; lastKnownFileType = text.json; path = landmarkData.json; sourceTree = "<group>"; };
		9D479D8125BDC96E0097CABF /* Landmark.swift */ = {isa = PBXFileReference; lastKnownFileType = sourcecode.swift; path = Landmark.swift; sourceTree = "<group>"; };
		9D479D8625BDD4E10097CABF /* ModelData.swift */ = {isa = PBXFileReference; lastKnownFileType = sourcecode.swift; path = ModelData.swift; sourceTree = "<group>"; };
		9D479D9425BDD6E90097CABF /* LandmarkRow.swift */ = {isa = PBXFileReference; lastKnownFileType = sourcecode.swift; path = LandmarkRow.swift; sourceTree = "<group>"; };
		9D479D9925C03ACA0097CABF /* LandmarkList.swift */ = {isa = PBXFileReference; lastKnownFileType = sourcecode.swift; path = LandmarkList.swift; sourceTree = "<group>"; };
		9D479D9E25C04A590097CABF /* LandmarkDetail.swift */ = {isa = PBXFileReference; lastKnownFileType = sourcecode.swift; path = LandmarkDetail.swift; sourceTree = "<group>"; };
		9D4E18BC25C2DDC5009F7CAE /* FavoriteButton.swift */ = {isa = PBXFileReference; lastKnownFileType = sourcecode.swift; path = FavoriteButton.swift; sourceTree = "<group>"; };
		9D720FF025C642CE0066530A /* HexagonParameters.swift */ = {isa = PBXFileReference; lastKnownFileType = sourcecode.swift; path = HexagonParameters.swift; sourceTree = "<group>"; };
		9D720FF525C645530066530A /* BadgeBackground.swift */ = {isa = PBXFileReference; lastKnownFileType = sourcecode.swift; path = BadgeBackground.swift; sourceTree = "<group>"; };
		9D720FFA25C64B8F0066530A /* BadgeSymbol.swift */ = {isa = PBXFileReference; lastKnownFileType = sourcecode.swift; path = BadgeSymbol.swift; sourceTree = "<group>"; };
		9D720FFF25C64C2A0066530A /* RotatedBadgeSymbol.swift */ = {isa = PBXFileReference; lastKnownFileType = sourcecode.swift; path = RotatedBadgeSymbol.swift; sourceTree = "<group>"; };
		9D72100425C64C930066530A /* Badge.swift */ = {isa = PBXFileReference; lastKnownFileType = sourcecode.swift; path = Badge.swift; sourceTree = "<group>"; };
		9D72100D25C6519A0066530A /* hikeData.json */ = {isa = PBXFileReference; fileEncoding = 4; lastKnownFileType = text.json; path = hikeData.json; sourceTree = "<group>"; };
		9D72101225C651D90066530A /* Hike.swift */ = {isa = PBXFileReference; lastKnownFileType = sourcecode.swift; path = Hike.swift; sourceTree = "<group>"; };
		9D72101825C6CC170066530A /* GraphCapsule.swift */ = {isa = PBXFileReference; fileEncoding = 4; lastKnownFileType = sourcecode.swift; path = GraphCapsule.swift; sourceTree = "<group>"; };
		9D72101925C6CC170066530A /* HikeGraph.swift */ = {isa = PBXFileReference; fileEncoding = 4; lastKnownFileType = sourcecode.swift; path = HikeGraph.swift; sourceTree = "<group>"; };
		9D72101A25C6CC170066530A /* HikeDetail.swift */ = {isa = PBXFileReference; fileEncoding = 4; lastKnownFileType = sourcecode.swift; path = HikeDetail.swift; sourceTree = "<group>"; };
		9D72101B25C6CC170066530A /* HikeView.swift */ = {isa = PBXFileReference; fileEncoding = 4; lastKnownFileType = sourcecode.swift; path = HikeView.swift; sourceTree = "<group>"; };
		9DA60D8825BDC5510032AE5A /* CircleImage.swift */ = {isa = PBXFileReference; lastKnownFileType = sourcecode.swift; path = CircleImage.swift; sourceTree = "<group>"; };
		9DABA37025C831DA0052AFFC /* CategoryHome.swift */ = {isa = PBXFileReference; lastKnownFileType = sourcecode.swift; path = CategoryHome.swift; sourceTree = "<group>"; };
		9DABA37B25C83C360052AFFC /* CategoryRow.swift */ = {isa = PBXFileReference; lastKnownFileType = sourcecode.swift; path = CategoryRow.swift; sourceTree = "<group>"; };
		9DABA38025C84A110052AFFC /* CategoryItem.swift */ = {isa = PBXFileReference; lastKnownFileType = sourcecode.swift; path = CategoryItem.swift; sourceTree = "<group>"; };
/* End PBXFileReference section */

/* Begin PBXFrameworksBuildPhase section */
		9D13C84525BC34F400FDBB15 /* Frameworks */ = {
			isa = PBXFrameworksBuildPhase;
			buildActionMask = 2147483647;
			files = (
			);
			runOnlyForDeploymentPostprocessing = 0;
		};
		9D13C85625BC34F500FDBB15 /* Frameworks */ = {
			isa = PBXFrameworksBuildPhase;
			buildActionMask = 2147483647;
			files = (
			);
			runOnlyForDeploymentPostprocessing = 0;
		};
		9D13C86125BC34F500FDBB15 /* Frameworks */ = {
			isa = PBXFrameworksBuildPhase;
			buildActionMask = 2147483647;
			files = (
			);
			runOnlyForDeploymentPostprocessing = 0;
		};
/* End PBXFrameworksBuildPhase section */

/* Begin PBXGroup section */
		9D13C83F25BC34F400FDBB15 = {
			isa = PBXGroup;
			children = (
				9D13C84A25BC34F400FDBB15 /* first */,
				9D13C85C25BC34F500FDBB15 /* firstTests */,
				9D13C86725BC34F500FDBB15 /* firstUITests */,
				9D13C84925BC34F400FDBB15 /* Products */,
			);
			sourceTree = "<group>";
		};
		9D13C84925BC34F400FDBB15 /* Products */ = {
			isa = PBXGroup;
			children = (
				9D13C84825BC34F400FDBB15 /* first.app */,
				9D13C85925BC34F500FDBB15 /* firstTests.xctest */,
				9D13C86425BC34F500FDBB15 /* firstUITests.xctest */,
			);
			name = Products;
			sourceTree = "<group>";
		};
		9D13C84A25BC34F400FDBB15 /* first */ = {
			isa = PBXGroup;
			children = (
				9D479D8D25BDD6520097CABF /* Resources */,
				9D479D8C25BDD6250097CABF /* Model */,
				9D479D8B25BDD6060097CABF /* Views */,
				9D13C84B25BC34F400FDBB15 /* FirstApp.swift */,
				9D13C84F25BC34F500FDBB15 /* Assets.xcassets */,
				9D13C85425BC34F500FDBB15 /* Info.plist */,
				9D13C85125BC34F500FDBB15 /* Preview Content */,
				9D72101225C651D90066530A /* Hike.swift */,
			);
			path = first;
			sourceTree = "<group>";
		};
		9D13C85125BC34F500FDBB15 /* Preview Content */ = {
			isa = PBXGroup;
			children = (
				9D13C85225BC34F500FDBB15 /* Preview Assets.xcassets */,
			);
			path = "Preview Content";
			sourceTree = "<group>";
		};
		9D13C85C25BC34F500FDBB15 /* firstTests */ = {
			isa = PBXGroup;
			children = (
				9D13C85D25BC34F500FDBB15 /* firstTests.swift */,
				9D13C85F25BC34F500FDBB15 /* Info.plist */,
			);
			path = firstTests;
			sourceTree = "<group>";
		};
		9D13C86725BC34F500FDBB15 /* firstUITests */ = {
			isa = PBXGroup;
			children = (
				9D13C86825BC34F500FDBB15 /* firstUITests.swift */,
				9D13C86A25BC34F500FDBB15 /* Info.plist */,
			);
			path = firstUITests;
			sourceTree = "<group>";
		};
		9D479D8B25BDD6060097CABF /* Views */ = {
			isa = PBXGroup;
			children = (
				9D72101725C6CC170066530A /* Hikes */,
				9D13C84D25BC34F400FDBB15 /* ContentView.swift */,
				9D6DC7C925C3152B0024F500 /* Helpers */,
				9D6DC7C525C315180024F500 /* Landmarks */,
				9D72100925C64D1A0066530A /* Badges */,
				9DABA38625C852A60052AFFC /* Categories */,
			);
			path = Views;
			sourceTree = "<group>";
		};
		9D479D8C25BDD6250097CABF /* Model */ = {
			isa = PBXGroup;
			children = (
				9D479D8125BDC96E0097CABF /* Landmark.swift */,
				9D479D8625BDD4E10097CABF /* ModelData.swift */,
			);
			path = Model;
			sourceTree = "<group>";
		};
		9D479D8D25BDD6520097CABF /* Resources */ = {
			isa = PBXGroup;
			children = (
				9D72100D25C6519A0066530A /* hikeData.json */,
				9D479D7425BDC8BD0097CABF /* landmarkData.json */,
			);
			path = Resources;
			sourceTree = "<group>";
		};
		9D6DC7C525C315180024F500 /* Landmarks */ = {
			isa = PBXGroup;
			children = (
				9D479D9425BDD6E90097CABF /* LandmarkRow.swift */,
				9D479D9925C03ACA0097CABF /* LandmarkList.swift */,
				9D479D9E25C04A590097CABF /* LandmarkDetail.swift */,
			);
			path = Landmarks;
			sourceTree = "<group>";
		};
		9D6DC7C925C3152B0024F500 /* Helpers */ = {
			isa = PBXGroup;
			children = (
				9DA60D8825BDC5510032AE5A /* CircleImage.swift */,
				9D13C89F25BC899900FDBB15 /* MapView.swift */,
				9D4E18BC25C2DDC5009F7CAE /* FavoriteButton.swift */,
			);
			name = Helpers;
			sourceTree = "<group>";
		};
		9D72100925C64D1A0066530A /* Badges */ = {
			isa = PBXGroup;
			children = (
				9D720FF025C642CE0066530A /* HexagonParameters.swift */,
				9D720FF525C645530066530A /* BadgeBackground.swift */,
				9D720FFA25C64B8F0066530A /* BadgeSymbol.swift */,
				9D720FFF25C64C2A0066530A /* RotatedBadgeSymbol.swift */,
				9D72100425C64C930066530A /* Badge.swift */,
			);
			path = Badges;
			sourceTree = "<group>";
		};
		9D72101725C6CC170066530A /* Hikes */ = {
			isa = PBXGroup;
			children = (
				9D72101825C6CC170066530A /* GraphCapsule.swift */,
				9D72101925C6CC170066530A /* HikeGraph.swift */,
				9D72101A25C6CC170066530A /* HikeDetail.swift */,
				9D72101B25C6CC170066530A /* HikeView.swift */,
			);
			path = Hikes;
			sourceTree = "<group>";
		};
		9DABA38625C852A60052AFFC /* Categories */ = {
			isa = PBXGroup;
			children = (
				9DABA37025C831DA0052AFFC /* CategoryHome.swift */,
				9DABA37B25C83C360052AFFC /* CategoryRow.swift */,
				9DABA38025C84A110052AFFC /* CategoryItem.swift */,
			);
			path = Categories;
			sourceTree = "<group>";
		};
/* End PBXGroup section */

/* Begin PBXNativeTarget section */
		9D13C84725BC34F400FDBB15 /* first */ = {
			isa = PBXNativeTarget;
			buildConfigurationList = 9D13C86D25BC34F500FDBB15 /* Build configuration list for PBXNativeTarget "first" */;
			buildPhases = (
				9D13C84425BC34F400FDBB15 /* Sources */,
				9D13C84525BC34F400FDBB15 /* Frameworks */,
				9D13C84625BC34F400FDBB15 /* Resources */,
			);
			buildRules = (
			);
			dependencies = (
			);
			name = first;
			productName = first;
			productReference = 9D13C84825BC34F400FDBB15 /* first.app */;
			productType = "com.apple.product-type.application";
		};
		9D13C85825BC34F500FDBB15 /* firstTests */ = {
			isa = PBXNativeTarget;
			buildConfigurationList = 9D13C87025BC34F500FDBB15 /* Build configuration list for PBXNativeTarget "firstTests" */;
			buildPhases = (
				9D13C85525BC34F500FDBB15 /* Sources */,
				9D13C85625BC34F500FDBB15 /* Frameworks */,
				9D13C85725BC34F500FDBB15 /* Resources */,
			);
			buildRules = (
			);
			dependencies = (
				9D13C85B25BC34F500FDBB15 /* PBXTargetDependency */,
			);
			name = firstTests;
			productName = firstTests;
			productReference = 9D13C85925BC34F500FDBB15 /* firstTests.xctest */;
			productType = "com.apple.product-type.bundle.unit-test";
		};
		9D13C86325BC34F500FDBB15 /* firstUITests */ = {
			isa = PBXNativeTarget;
			buildConfigurationList = 9D13C87325BC34F500FDBB15 /* Build configuration list for PBXNativeTarget "firstUITests" */;
			buildPhases = (
				9D13C86025BC34F500FDBB15 /* Sources */,
				9D13C86125BC34F500FDBB15 /* Frameworks */,
				9D13C86225BC34F500FDBB15 /* Resources */,
			);
			buildRules = (
			);
			dependencies = (
				9D13C86625BC34F500FDBB15 /* PBXTargetDependency */,
			);
			name = firstUITests;
			productName = firstUITests;
			productReference = 9D13C86425BC34F500FDBB15 /* firstUITests.xctest */;
			productType = "com.apple.product-type.bundle.ui-testing";
		};
/* End PBXNativeTarget section */

/* Begin PBXProject section */
		9D13C84025BC34F400FDBB15 /* Project object */ = {
			isa = PBXProject;
			attributes = {
				LastSwiftUpdateCheck = 1230;
				LastUpgradeCheck = 1230;
				TargetAttributes = {
					9D13C84725BC34F400FDBB15 = {
						CreatedOnToolsVersion = 12.3;
					};
					9D13C85825BC34F500FDBB15 = {
						CreatedOnToolsVersion = 12.3;
						TestTargetID = 9D13C84725BC34F400FDBB15;
					};
					9D13C86325BC34F500FDBB15 = {
						CreatedOnToolsVersion = 12.3;
						TestTargetID = 9D13C84725BC34F400FDBB15;
					};
				};
			};
			buildConfigurationList = 9D13C84325BC34F400FDBB15 /* Build configuration list for PBXProject "first" */;
			compatibilityVersion = "Xcode 9.3";
			developmentRegion = en;
			hasScannedForEncodings = 0;
			knownRegions = (
				en,
				Base,
			);
			mainGroup = 9D13C83F25BC34F400FDBB15;
			productRefGroup = 9D13C84925BC34F400FDBB15 /* Products */;
			projectDirPath = "";
			projectRoot = "";
			targets = (
				9D13C84725BC34F400FDBB15 /* first */,
				9D13C85825BC34F500FDBB15 /* firstTests */,
				9D13C86325BC34F500FDBB15 /* firstUITests */,
			);
		};
/* End PBXProject section */

/* Begin PBXResourcesBuildPhase section */
		9D13C84625BC34F400FDBB15 /* Resources */ = {
			isa = PBXResourcesBuildPhase;
			buildActionMask = 2147483647;
			files = (
				9D72100E25C6519A0066530A /* hikeData.json in Resources */,
				9D13C85325BC34F500FDBB15 /* Preview Assets.xcassets in Resources */,
				9D13C85025BC34F500FDBB15 /* Assets.xcassets in Resources */,
				9D479D7525BDC8BD0097CABF /* landmarkData.json in Resources */,
			);
			runOnlyForDeploymentPostprocessing = 0;
		};
		9D13C85725BC34F500FDBB15 /* Resources */ = {
			isa = PBXResourcesBuildPhase;
			buildActionMask = 2147483647;
			files = (
			);
			runOnlyForDeploymentPostprocessing = 0;
		};
		9D13C86225BC34F500FDBB15 /* Resources */ = {
			isa = PBXResourcesBuildPhase;
			buildActionMask = 2147483647;
			files = (
			);
			runOnlyForDeploymentPostprocessing = 0;
		};
/* End PBXResourcesBuildPhase section */

/* Begin PBXSourcesBuildPhase section */
		9D13C84425BC34F400FDBB15 /* Sources */ = {
			isa = PBXSourcesBuildPhase;
			buildActionMask = 2147483647;
			files = (
				9DABA37C25C83C360052AFFC /* CategoryRow.swift in Sources */,
				9D13C84E25BC34F400FDBB15 /* ContentView.swift in Sources */,
				9DABA37125C831DA0052AFFC /* CategoryHome.swift in Sources */,
				9D72101D25C6CC170066530A /* HikeGraph.swift in Sources */,
				9D72100525C64C930066530A /* Badge.swift in Sources */,
				9DA60D8925BDC5510032AE5A /* CircleImage.swift in Sources */,
				9D72101C25C6CC170066530A /* GraphCapsule.swift in Sources */,
				9D13C8A025BC899900FDBB15 /* MapView.swift in Sources */,
				9D4E18BD25C2DDC5009F7CAE /* FavoriteButton.swift in Sources */,
				9DABA38125C84A110052AFFC /* CategoryItem.swift in Sources */,
				9D72101E25C6CC170066530A /* HikeDetail.swift in Sources */,
				9D720FF125C642CE0066530A /* HexagonParameters.swift in Sources */,
				9D72101325C651D90066530A /* Hike.swift in Sources */,
				9D72100025C64C2A0066530A /* RotatedBadgeSymbol.swift in Sources */,
				9D720FFB25C64B8F0066530A /* BadgeSymbol.swift in Sources */,
				9D479D9A25C03ACA0097CABF /* LandmarkList.swift in Sources */,
				9D72101F25C6CC170066530A /* HikeView.swift in Sources */,
				9D13C84C25BC34F400FDBB15 /* FirstApp.swift in Sources */,
				9D720FF625C645530066530A /* BadgeBackground.swift in Sources */,
				9D479D8225BDC96E0097CABF /* Landmark.swift in Sources */,
				9D479D9525BDD6E90097CABF /* LandmarkRow.swift in Sources */,
				9D479D8725BDD4E10097CABF /* ModelData.swift in Sources */,
				9D479D9F25C04A590097CABF /* LandmarkDetail.swift in Sources */,
			);
			runOnlyForDeploymentPostprocessing = 0;
		};
		9D13C85525BC34F500FDBB15 /* Sources */ = {
			isa = PBXSourcesBuildPhase;
			buildActionMask = 2147483647;
			files = (
				9D13C85E25BC34F500FDBB15 /* firstTests.swift in Sources */,
			);
			runOnlyForDeploymentPostprocessing = 0;
		};
		9D13C86025BC34F500FDBB15 /* Sources */ = {
			isa = PBXSourcesBuildPhase;
			buildActionMask = 2147483647;
			files = (
				9D13C86925BC34F500FDBB15 /* firstUITests.swift in Sources */,
			);
			runOnlyForDeploymentPostprocessing = 0;
		};
/* End PBXSourcesBuildPhase section */

/* Begin PBXTargetDependency section */
		9D13C85B25BC34F500FDBB15 /* PBXTargetDependency */ = {
			isa = PBXTargetDependency;
			target = 9D13C84725BC34F400FDBB15 /* first */;
			targetProxy = 9D13C85A25BC34F500FDBB15 /* PBXContainerItemProxy */;
		};
		9D13C86625BC34F500FDBB15 /* PBXTargetDependency */ = {
			isa = PBXTargetDependency;
			target = 9D13C84725BC34F400FDBB15 /* first */;
			targetProxy = 9D13C86525BC34F500FDBB15 /* PBXContainerItemProxy */;
		};
/* End PBXTargetDependency section */

/* Begin XCBuildConfiguration section */
		9D13C86B25BC34F500FDBB15 /* Debug */ = {
			isa = XCBuildConfiguration;
			buildSettings = {
				ALWAYS_SEARCH_USER_PATHS = NO;
				CLANG_ANALYZER_NONNULL = YES;
				CLANG_ANALYZER_NUMBER_OBJECT_CONVERSION = YES_AGGRESSIVE;
				CLANG_CXX_LANGUAGE_STANDARD = "gnu++14";
				CLANG_CXX_LIBRARY = "libc++";
				CLANG_ENABLE_MODULES = YES;
				CLANG_ENABLE_OBJC_ARC = YES;
				CLANG_ENABLE_OBJC_WEAK = YES;
				CLANG_WARN_BLOCK_CAPTURE_AUTORELEASING = YES;
				CLANG_WARN_BOOL_CONVERSION = YES;
				CLANG_WARN_COMMA = YES;
				CLANG_WARN_CONSTANT_CONVERSION = YES;
				CLANG_WARN_DEPRECATED_OBJC_IMPLEMENTATIONS = YES;
				CLANG_WARN_DIRECT_OBJC_ISA_USAGE = YES_ERROR;
				CLANG_WARN_DOCUMENTATION_COMMENTS = YES;
				CLANG_WARN_EMPTY_BODY = YES;
				CLANG_WARN_ENUM_CONVERSION = YES;
				CLANG_WARN_INFINITE_RECURSION = YES;
				CLANG_WARN_INT_CONVERSION = YES;
				CLANG_WARN_NON_LITERAL_NULL_CONVERSION = YES;
				CLANG_WARN_OBJC_IMPLICIT_RETAIN_SELF = YES;
				CLANG_WARN_OBJC_LITERAL_CONVERSION = YES;
				CLANG_WARN_OBJC_ROOT_CLASS = YES_ERROR;
				CLANG_WARN_QUOTED_INCLUDE_IN_FRAMEWORK_HEADER = YES;
				CLANG_WARN_RANGE_LOOP_ANALYSIS = YES;
				CLANG_WARN_STRICT_PROTOTYPES = YES;
				CLANG_WARN_SUSPICIOUS_MOVE = YES;
				CLANG_WARN_UNGUARDED_AVAILABILITY = YES_AGGRESSIVE;
				CLANG_WARN_UNREACHABLE_CODE = YES;
				CLANG_WARN__DUPLICATE_METHOD_MATCH = YES;
				COPY_PHASE_STRIP = NO;
				DEBUG_INFORMATION_FORMAT = dwarf;
				ENABLE_STRICT_OBJC_MSGSEND = YES;
				ENABLE_TESTABILITY = YES;
				GCC_C_LANGUAGE_STANDARD = gnu11;
				GCC_DYNAMIC_NO_PIC = NO;
				GCC_NO_COMMON_BLOCKS = YES;
				GCC_OPTIMIZATION_LEVEL = 0;
				GCC_PREPROCESSOR_DEFINITIONS = (
					"DEBUG=1",
					"$(inherited)",
				);
				GCC_WARN_64_TO_32_BIT_CONVERSION = YES;
				GCC_WARN_ABOUT_RETURN_TYPE = YES_ERROR;
				GCC_WARN_UNDECLARED_SELECTOR = YES;
				GCC_WARN_UNINITIALIZED_AUTOS = YES_AGGRESSIVE;
				GCC_WARN_UNUSED_FUNCTION = YES;
				GCC_WARN_UNUSED_VARIABLE = YES;
				IPHONEOS_DEPLOYMENT_TARGET = 14.3;
				MTL_ENABLE_DEBUG_INFO = INCLUDE_SOURCE;
				MTL_FAST_MATH = YES;
				ONLY_ACTIVE_ARCH = YES;
				SDKROOT = iphoneos;
				SWIFT_ACTIVE_COMPILATION_CONDITIONS = DEBUG;
				SWIFT_OPTIMIZATION_LEVEL = "-Onone";
			};
			name = Debug;
		};
		9D13C86C25BC34F500FDBB15 /* Release */ = {
			isa = XCBuildConfiguration;
			buildSettings = {
				ALWAYS_SEARCH_USER_PATHS = NO;
				CLANG_ANALYZER_NONNULL = YES;
				CLANG_ANALYZER_NUMBER_OBJECT_CONVERSION = YES_AGGRESSIVE;
				CLANG_CXX_LANGUAGE_STANDARD = "gnu++14";
				CLANG_CXX_LIBRARY = "libc++";
				CLANG_ENABLE_MODULES = YES;
				CLANG_ENABLE_OBJC_ARC = YES;
				CLANG_ENABLE_OBJC_WEAK = YES;
				CLANG_WARN_BLOCK_CAPTURE_AUTORELEASING = YES;
				CLANG_WARN_BOOL_CONVERSION = YES;
				CLANG_WARN_COMMA = YES;
				CLANG_WARN_CONSTANT_CONVERSION = YES;
				CLANG_WARN_DEPRECATED_OBJC_IMPLEMENTATIONS = YES;
				CLANG_WARN_DIRECT_OBJC_ISA_USAGE = YES_ERROR;
				CLANG_WARN_DOCUMENTATION_COMMENTS = YES;
				CLANG_WARN_EMPTY_BODY = YES;
				CLANG_WARN_ENUM_CONVERSION = YES;
				CLANG_WARN_INFINITE_RECURSION = YES;
				CLANG_WARN_INT_CONVERSION = YES;
				CLANG_WARN_NON_LITERAL_NULL_CONVERSION = YES;
				CLANG_WARN_OBJC_IMPLICIT_RETAIN_SELF = YES;
				CLANG_WARN_OBJC_LITERAL_CONVERSION = YES;
				CLANG_WARN_OBJC_ROOT_CLASS = YES_ERROR;
				CLANG_WARN_QUOTED_INCLUDE_IN_FRAMEWORK_HEADER = YES;
				CLANG_WARN_RANGE_LOOP_ANALYSIS = YES;
				CLANG_WARN_STRICT_PROTOTYPES = YES;
				CLANG_WARN_SUSPICIOUS_MOVE = YES;
				CLANG_WARN_UNGUARDED_AVAILABILITY = YES_AGGRESSIVE;
				CLANG_WARN_UNREACHABLE_CODE = YES;
				CLANG_WARN__DUPLICATE_METHOD_MATCH = YES;
				COPY_PHASE_STRIP = NO;
				DEBUG_INFORMATION_FORMAT = "dwarf-with-dsym";
				ENABLE_NS_ASSERTIONS = NO;
				ENABLE_STRICT_OBJC_MSGSEND = YES;
				GCC_C_LANGUAGE_STANDARD = gnu11;
				GCC_NO_COMMON_BLOCKS = YES;
				GCC_WARN_64_TO_32_BIT_CONVERSION = YES;
				GCC_WARN_ABOUT_RETURN_TYPE = YES_ERROR;
				GCC_WARN_UNDECLARED_SELECTOR = YES;
				GCC_WARN_UNINITIALIZED_AUTOS = YES_AGGRESSIVE;
				GCC_WARN_UNUSED_FUNCTION = YES;
				GCC_WARN_UNUSED_VARIABLE = YES;
				IPHONEOS_DEPLOYMENT_TARGET = 14.3;
				MTL_ENABLE_DEBUG_INFO = NO;
				MTL_FAST_MATH = YES;
				SDKROOT = iphoneos;
				SWIFT_COMPILATION_MODE = wholemodule;
				SWIFT_OPTIMIZATION_LEVEL = "-O";
				VALIDATE_PRODUCT = YES;
			};
			name = Release;
		};
		9D13C86E25BC34F500FDBB15 /* Debug */ = {
			isa = XCBuildConfiguration;
			buildSettings = {
				ASSETCATALOG_COMPILER_APPICON_NAME = AppIcon;
				ASSETCATALOG_COMPILER_GLOBAL_ACCENT_COLOR_NAME = AccentColor;
				CODE_SIGN_STYLE = Automatic;
				DEVELOPMENT_ASSET_PATHS = "\"first/Preview Content\"";
				DEVELOPMENT_TEAM = 982NLMZ8NA;
				ENABLE_PREVIEWS = YES;
				INFOPLIST_FILE = first/Info.plist;
				IPHONEOS_DEPLOYMENT_TARGET = 14.0;
				LD_RUNPATH_SEARCH_PATHS = (
					"$(inherited)",
					"@executable_path/Frameworks",
				);
				PRODUCT_BUNDLE_IDENTIFIER = com.example.first;
				PRODUCT_NAME = "$(TARGET_NAME)";
				SWIFT_VERSION = 5.0;
				TARGETED_DEVICE_FAMILY = 1;
			};
			name = Debug;
		};
		9D13C86F25BC34F500FDBB15 /* Release */ = {
			isa = XCBuildConfiguration;
			buildSettings = {
				ASSETCATALOG_COMPILER_APPICON_NAME = AppIcon;
				ASSETCATALOG_COMPILER_GLOBAL_ACCENT_COLOR_NAME = AccentColor;
				CODE_SIGN_STYLE = Automatic;
				DEVELOPMENT_ASSET_PATHS = "\"first/Preview Content\"";
				DEVELOPMENT_TEAM = 982NLMZ8NA;
				ENABLE_PREVIEWS = YES;
				INFOPLIST_FILE = first/Info.plist;
				IPHONEOS_DEPLOYMENT_TARGET = 14.0;
				LD_RUNPATH_SEARCH_PATHS = (
					"$(inherited)",
					"@executable_path/Frameworks",
				);
				PRODUCT_BUNDLE_IDENTIFIER = com.example.first;
				PRODUCT_NAME = "$(TARGET_NAME)";
				SWIFT_VERSION = 5.0;
				TARGETED_DEVICE_FAMILY = 1;
			};
			name = Release;
		};
		9D13C87125BC34F500FDBB15 /* Debug */ = {
			isa = XCBuildConfiguration;
			buildSettings = {
				ALWAYS_EMBED_SWIFT_STANDARD_LIBRARIES = YES;
				BUNDLE_LOADER = "$(TEST_HOST)";
				CODE_SIGN_STYLE = Automatic;
				DEVELOPMENT_TEAM = 982NLMZ8NA;
				INFOPLIST_FILE = firstTests/Info.plist;
				IPHONEOS_DEPLOYMENT_TARGET = 14.0;
				LD_RUNPATH_SEARCH_PATHS = (
					"$(inherited)",
					"@executable_path/Frameworks",
					"@loader_path/Frameworks",
				);
				PRODUCT_BUNDLE_IDENTIFIER = com.example.firstTests;
				PRODUCT_NAME = "$(TARGET_NAME)";
				SWIFT_VERSION = 5.0;
				TARGETED_DEVICE_FAMILY = "1,2";
				TEST_HOST = "$(BUILT_PRODUCTS_DIR)/first.app/first";
			};
			name = Debug;
		};
		9D13C87225BC34F500FDBB15 /* Release */ = {
			isa = XCBuildConfiguration;
			buildSettings = {
				ALWAYS_EMBED_SWIFT_STANDARD_LIBRARIES = YES;
				BUNDLE_LOADER = "$(TEST_HOST)";
				CODE_SIGN_STYLE = Automatic;
				DEVELOPMENT_TEAM = 982NLMZ8NA;
				INFOPLIST_FILE = firstTests/Info.plist;
				IPHONEOS_DEPLOYMENT_TARGET = 14.0;
				LD_RUNPATH_SEARCH_PATHS = (
					"$(inherited)",
					"@executable_path/Frameworks",
					"@loader_path/Frameworks",
				);
				PRODUCT_BUNDLE_IDENTIFIER = com.example.firstTests;
				PRODUCT_NAME = "$(TARGET_NAME)";
				SWIFT_VERSION = 5.0;
				TARGETED_DEVICE_FAMILY = "1,2";
				TEST_HOST = "$(BUILT_PRODUCTS_DIR)/first.app/first";
			};
			name = Release;
		};
		9D13C87425BC34F500FDBB15 /* Debug */ = {
			isa = XCBuildConfiguration;
			buildSettings = {
				ALWAYS_EMBED_SWIFT_STANDARD_LIBRARIES = YES;
				CODE_SIGN_STYLE = Automatic;
				DEVELOPMENT_TEAM = 982NLMZ8NA;
				INFOPLIST_FILE = firstUITests/Info.plist;
				LD_RUNPATH_SEARCH_PATHS = (
					"$(inherited)",
					"@executable_path/Frameworks",
					"@loader_path/Frameworks",
				);
				PRODUCT_BUNDLE_IDENTIFIER = com.example.firstUITests;
				PRODUCT_NAME = "$(TARGET_NAME)";
				SWIFT_VERSION = 5.0;
				TARGETED_DEVICE_FAMILY = "1,2";
				TEST_TARGET_NAME = first;
			};
			name = Debug;
		};
		9D13C87525BC34F500FDBB15 /* Release */ = {
			isa = XCBuildConfiguration;
			buildSettings = {
				ALWAYS_EMBED_SWIFT_STANDARD_LIBRARIES = YES;
				CODE_SIGN_STYLE = Automatic;
				DEVELOPMENT_TEAM = 982NLMZ8NA;
				INFOPLIST_FILE = firstUITests/Info.plist;
				LD_RUNPATH_SEARCH_PATHS = (
					"$(inherited)",
					"@executable_path/Frameworks",
					"@loader_path/Frameworks",
				);
				PRODUCT_BUNDLE_IDENTIFIER = com.example.firstUITests;
				PRODUCT_NAME = "$(TARGET_NAME)";
				SWIFT_VERSION = 5.0;
				TARGETED_DEVICE_FAMILY = "1,2";
				TEST_TARGET_NAME = first;
			};
			name = Release;
		};
/* End XCBuildConfiguration section */

/* Begin XCConfigurationList section */
		9D13C84325BC34F400FDBB15 /* Build configuration list for PBXProject "first" */ = {
			isa = XCConfigurationList;
			buildConfigurations = (
				9D13C86B25BC34F500FDBB15 /* Debug */,
				9D13C86C25BC34F500FDBB15 /* Release */,
			);
			defaultConfigurationIsVisible = 0;
			defaultConfigurationName = Release;
		};
		9D13C86D25BC34F500FDBB15 /* Build configuration list for PBXNativeTarget "first" */ = {
			isa = XCConfigurationList;
			buildConfigurations = (
				9D13C86E25BC34F500FDBB15 /* Debug */,
				9D13C86F25BC34F500FDBB15 /* Release */,
			);
			defaultConfigurationIsVisible = 0;
			defaultConfigurationName = Release;
		};
		9D13C87025BC34F500FDBB15 /* Build configuration list for PBXNativeTarget "firstTests" */ = {
			isa = XCConfigurationList;
			buildConfigurations = (
				9D13C87125BC34F500FDBB15 /* Debug */,
				9D13C87225BC34F500FDBB15 /* Release */,
			);
			defaultConfigurationIsVisible = 0;
			defaultConfigurationName = Release;
		};
		9D13C87325BC34F500FDBB15 /* Build configuration list for PBXNativeTarget "firstUITests" */ = {
			isa = XCConfigurationList;
			buildConfigurations = (
				9D13C87425BC34F500FDBB15 /* Debug */,
				9D13C87525BC34F500FDBB15 /* Release */,
			);
			defaultConfigurationIsVisible = 0;
			defaultConfigurationName = Release;
		};
/* End XCConfigurationList section */
	};
	rootObject = 9D13C84025BC34F400FDBB15 /* Project object */;
}
